
Microsoft Visual Studio Solution File, Format Version 12.00
# Visual Studio Version 17
VisualStudioVersion = 17.8.34322.80
MinimumVisualStudioVersion = 10.0.40219.1
Project("{9A19103F-16F7-4668-BE54-9A1E7A4F7556}") = "Remake", "Remake\Remake.csproj", "{62821A5B-79ED-4D70-A84D-ECBF4AC06D02}"
EndProject
Project("{9A19103F-16F7-4668-BE54-9A1E7A4F7556}") = "Rpg", "Libraries\Rpg\Rpg.csproj", "{A31B6800-C815-4917-8792-25F297A653F5}"
EndProject
Project("{9A19103F-16F7-4668-BE54-9A1E7A4F7556}") = "Utilities", "Libraries\Utilities\Utilities.csproj", "{E6551D66-C040-4C87-AE28-11D04BC93BD4}"
EndProject
Project("{9A19103F-16F7-4668-BE54-9A1E7A4F7556}") = "RpgTest", "UnitTests\RpgTest\RpgTest.csproj", "{FC8CABE0-98B6-4287-AE4D-36C4AE700882}"
EndProject
Project("{9A19103F-16F7-4668-BE54-9A1E7A4F7556}") = "UtilitiesTests", "UnitTests\UtilitiesTests\UtilitiesTests.csproj", "{3CB2E995-787D-4F7A-BD45-1078FB9E98BC}"
EndProject
Project("{FAE04EC0-301F-11D3-BF4B-00C04F79EFBC}") = "RpgConstants", "Constants\RpgConstants.csproj", "{FC6368B9-4A2D-476F-9061-A0CFF0056842}"
EndProject
Global
	GlobalSection(SolutionConfigurationPlatforms) = preSolution
		Debug|Any CPU = Debug|Any CPU
		Release|Any CPU = Release|Any CPU
	EndGlobalSection
	GlobalSection(ProjectConfigurationPlatforms) = postSolution
		{62821A5B-79ED-4D70-A84D-ECBF4AC06D02}.Debug|Any CPU.ActiveCfg = Debug|Any CPU
		{62821A5B-79ED-4D70-A84D-ECBF4AC06D02}.Debug|Any CPU.Build.0 = Debug|Any CPU
		{62821A5B-79ED-4D70-A84D-ECBF4AC06D02}.Release|Any CPU.ActiveCfg = Release|Any CPU
		{62821A5B-79ED-4D70-A84D-ECBF4AC06D02}.Release|Any CPU.Build.0 = Release|Any CPU
		{A31B6800-C815-4917-8792-25F297A653F5}.Debug|Any CPU.ActiveCfg = Debug|Any CPU
		{A31B6800-C815-4917-8792-25F297A653F5}.Debug|Any CPU.Build.0 = Debug|Any CPU
		{A31B6800-C815-4917-8792-25F297A653F5}.Release|Any CPU.ActiveCfg = Release|Any CPU
		{A31B6800-C815-4917-8792-25F297A653F5}.Release|Any CPU.Build.0 = Release|Any CPU
		{E6551D66-C040-4C87-AE28-11D04BC93BD4}.Debug|Any CPU.ActiveCfg = Debug|Any CPU
		{E6551D66-C040-4C87-AE28-11D04BC93BD4}.Debug|Any CPU.Build.0 = Debug|Any CPU
		{E6551D66-C040-4C87-AE28-11D04BC93BD4}.Release|Any CPU.ActiveCfg = Release|Any CPU
		{E6551D66-C040-4C87-AE28-11D04BC93BD4}.Release|Any CPU.Build.0 = Release|Any CPU
		{FC8CABE0-98B6-4287-AE4D-36C4AE700882}.Debug|Any CPU.ActiveCfg = Debug|Any CPU
		{FC8CABE0-98B6-4287-AE4D-36C4AE700882}.Debug|Any CPU.Build.0 = Debug|Any CPU
		{FC8CABE0-98B6-4287-AE4D-36C4AE700882}.Release|Any CPU.ActiveCfg = Release|Any CPU
		{FC8CABE0-98B6-4287-AE4D-36C4AE700882}.Release|Any CPU.Build.0 = Release|Any CPU
		{3CB2E995-787D-4F7A-BD45-1078FB9E98BC}.Debug|Any CPU.ActiveCfg = Debug|Any CPU
		{3CB2E995-787D-4F7A-BD45-1078FB9E98BC}.Debug|Any CPU.Build.0 = Debug|Any CPU
		{3CB2E995-787D-4F7A-BD45-1078FB9E98BC}.Release|Any CPU.ActiveCfg = Release|Any CPU
		{3CB2E995-787D-4F7A-BD45-1078FB9E98BC}.Release|Any CPU.Build.0 = Release|Any CPU
		{FC6368B9-4A2D-476F-9061-A0CFF0056842}.Debug|Any CPU.ActiveCfg = Debug|Any CPU
		{FC6368B9-4A2D-476F-9061-A0CFF0056842}.Debug|Any CPU.Build.0 = Debug|Any CPU
		{FC6368B9-4A2D-476F-9061-A0CFF0056842}.Release|Any CPU.ActiveCfg = Release|Any CPU
		{FC6368B9-4A2D-476F-9061-A0CFF0056842}.Release|Any CPU.Build.0 = Release|Any CPU
	EndGlobalSection
	GlobalSection(SolutionProperties) = preSolution
		HideSolutionNode = FALSE
	EndGlobalSection
	GlobalSection(ExtensibilityGlobals) = postSolution
		SolutionGuid = {A75876A4-2168-43E2-9422-35A6A9359F8A}
	EndGlobalSection
EndGlobal
