
Microsoft Visual Studio Solution File, Format Version 12.00
# Visual Studio Version 17
VisualStudioVersion = 17.8.34322.80
MinimumVisualStudioVersion = 10.0.40219.1
Project("{9A19103F-16F7-4668-BE54-9A1E7A4F7556}") = "Remake", "Remake\Remake.csproj", "{62821A5B-79ED-4D70-A84D-ECBF4AC06D02}"
EndProject
Project("{9A19103F-16F7-4668-BE54-9A1E7A4F7556}") = "Game", "SetStats\Game.csproj", "{0287B64E-379C-40FA-B11A-9E0C5556552E}"
EndProject
Project("{9A19103F-16F7-4668-BE54-9A1E7A4F7556}") = "Utilities", "Utilities\Utilities.csproj", "{3F482357-BC41-42D7-9E77-FDEAA0FF5797}"
EndProject
Global
	GlobalSection(SolutionConfigurationPlatforms) = preSolution
		Debug|Any CPU = Debug|Any CPU
		Release|Any CPU = Release|Any CPU
	EndGlobalSection
	GlobalSection(ProjectConfigurationPlatforms) = postSolution
		{62821A5B-79ED-4D70-A84D-ECBF4AC06D02}.Debug|Any CPU.ActiveCfg = Debug|Any CPU
		{62821A5B-79ED-4D70-A84D-ECBF4AC06D02}.Debug|Any CPU.Build.0 = Debug|Any CPU
		{62821A5B-79ED-4D70-A84D-ECBF4AC06D02}.Release|Any CPU.ActiveCfg = Release|Any CPU
		{62821A5B-79ED-4D70-A84D-ECBF4AC06D02}.Release|Any CPU.Build.0 = Release|Any CPU
		{0287B64E-379C-40FA-B11A-9E0C5556552E}.Debug|Any CPU.ActiveCfg = Debug|Any CPU
		{0287B64E-379C-40FA-B11A-9E0C5556552E}.Debug|Any CPU.Build.0 = Debug|Any CPU
		{0287B64E-379C-40FA-B11A-9E0C5556552E}.Release|Any CPU.ActiveCfg = Release|Any CPU
		{0287B64E-379C-40FA-B11A-9E0C5556552E}.Release|Any CPU.Build.0 = Release|Any CPU
		{3F482357-BC41-42D7-9E77-FDEAA0FF5797}.Debug|Any CPU.ActiveCfg = Debug|Any CPU
		{3F482357-BC41-42D7-9E77-FDEAA0FF5797}.Debug|Any CPU.Build.0 = Debug|Any CPU
		{3F482357-BC41-42D7-9E77-FDEAA0FF5797}.Release|Any CPU.ActiveCfg = Release|Any CPU
		{3F482357-BC41-42D7-9E77-FDEAA0FF5797}.Release|Any CPU.Build.0 = Release|Any CPU
	EndGlobalSection
	GlobalSection(SolutionProperties) = preSolution
		HideSolutionNode = FALSE
	EndGlobalSection
	GlobalSection(ExtensibilityGlobals) = postSolution
		SolutionGuid = {A75876A4-2168-43E2-9422-35A6A9359F8A}
	EndGlobalSection
EndGlobal
